
Microsoft Visual Studio Solution File, Format Version 12.00
# Visual Studio Version 16
VisualStudioVersion = 16.0.32228.343
MinimumVisualStudioVersion = 10.0.40219.1
Project("{FAE04EC0-301F-11D3-BF4B-00C04F79EFBC}") = "LargeDistance", "LargeDistance\LargeDistance.csproj", "{81888256-179B-4E29-AB35-95BCBD2478F5}"
EndProject
Project("{FAE04EC0-301F-11D3-BF4B-00C04F79EFBC}") = "Reverce", "Reverce\Reverce.csproj", "{C992A159-94AB-4C8B-B3D8-67EB4A6FA23F}"
EndProject
Project("{FAE04EC0-301F-11D3-BF4B-00C04F79EFBC}") = "CountOccurrence", "CountOccurrence\CountOccurrence.csproj", "{6C667DEC-518C-49F4-86C5-3F60BD5BAB3A}"
EndProject
Global
	GlobalSection(SolutionConfigurationPlatforms) = preSolution
		Debug|Any CPU = Debug|Any CPU
		Release|Any CPU = Release|Any CPU
	EndGlobalSection
	GlobalSection(ProjectConfigurationPlatforms) = postSolution
		{81888256-179B-4E29-AB35-95BCBD2478F5}.Debug|Any CPU.ActiveCfg = Debug|Any CPU
		{81888256-179B-4E29-AB35-95BCBD2478F5}.Debug|Any CPU.Build.0 = Debug|Any CPU
		{81888256-179B-4E29-AB35-95BCBD2478F5}.Release|Any CPU.ActiveCfg = Release|Any CPU
		{81888256-179B-4E29-AB35-95BCBD2478F5}.Release|Any CPU.Build.0 = Release|Any CPU
		{C992A159-94AB-4C8B-B3D8-67EB4A6FA23F}.Debug|Any CPU.ActiveCfg = Debug|Any CPU
		{C992A159-94AB-4C8B-B3D8-67EB4A6FA23F}.Debug|Any CPU.Build.0 = Debug|Any CPU
		{C992A159-94AB-4C8B-B3D8-67EB4A6FA23F}.Release|Any CPU.ActiveCfg = Release|Any CPU
		{C992A159-94AB-4C8B-B3D8-67EB4A6FA23F}.Release|Any CPU.Build.0 = Release|Any CPU
		{6C667DEC-518C-49F4-86C5-3F60BD5BAB3A}.Debug|Any CPU.ActiveCfg = Debug|Any CPU
		{6C667DEC-518C-49F4-86C5-3F60BD5BAB3A}.Debug|Any CPU.Build.0 = Debug|Any CPU
		{6C667DEC-518C-49F4-86C5-3F60BD5BAB3A}.Release|Any CPU.ActiveCfg = Release|Any CPU
		{6C667DEC-518C-49F4-86C5-3F60BD5BAB3A}.Release|Any CPU.Build.0 = Release|Any CPU
	EndGlobalSection
	GlobalSection(SolutionProperties) = preSolution
		HideSolutionNode = FALSE
	EndGlobalSection
	GlobalSection(ExtensibilityGlobals) = postSolution
		SolutionGuid = {C8C48D5B-9BB0-4C52-83C7-C7FBB1AE0E4F}
	EndGlobalSection
EndGlobal
